
Microsoft Visual Studio Solution File, Format Version 12.00
# Visual Studio Version 16
VisualStudioVersion = 16.0.31624.102
MinimumVisualStudioVersion = 10.0.40219.1
Project("{FAE04EC0-301F-11D3-BF4B-00C04F79EFBC}") = "Calculator", "Calculator\Calculator.csproj", "{220A65A1-4EC2-4DB7-AC11-C59CD2FC80A4}"
EndProject
Global
	GlobalSection(SolutionConfigurationPlatforms) = preSolution
		Debug|Any CPU = Debug|Any CPU
		Release|Any CPU = Release|Any CPU
	EndGlobalSection
	GlobalSection(ProjectConfigurationPlatforms) = postSolution
		{220A65A1-4EC2-4DB7-AC11-C59CD2FC80A4}.Debug|Any CPU.ActiveCfg = Debug|Any CPU
		{220A65A1-4EC2-4DB7-AC11-C59CD2FC80A4}.Debug|Any CPU.Build.0 = Debug|Any CPU
		{220A65A1-4EC2-4DB7-AC11-C59CD2FC80A4}.Release|Any CPU.ActiveCfg = Release|Any CPU
		{220A65A1-4EC2-4DB7-AC11-C59CD2FC80A4}.Release|Any CPU.Build.0 = Release|Any CPU
	EndGlobalSection
	GlobalSection(SolutionProperties) = preSolution
		HideSolutionNode = FALSE
	EndGlobalSection
	GlobalSection(ExtensibilityGlobals) = postSolution
		SolutionGuid = {2482DA88-61A2-4630-B515-B18302EE1A6F}
	EndGlobalSection
EndGlobal
